// !$*UTF8*$!
{
	archiveVersion = 1;
	classes = {
	};
	objectVersion = 56;
	objects = {

/* Begin PBXBuildFile section */
		38009E712A8FD0DC0048F5B5 /* QuickConvertApp.swift in Sources */ = {isa = PBXBuildFile; fileRef = 38009E702A8FD0DC0048F5B5 /* QuickConvertApp.swift */; };
		38009E732A8FD0DC0048F5B5 /* ContentView.swift in Sources */ = {isa = PBXBuildFile; fileRef = 38009E722A8FD0DC0048F5B5 /* ContentView.swift */; };
		38009E752A8FD0DF0048F5B5 /* Assets.xcassets in Resources */ = {isa = PBXBuildFile; fileRef = 38009E742A8FD0DF0048F5B5 /* Assets.xcassets */; };
		38009E782A8FD0DF0048F5B5 /* Preview Assets.xcassets in Resources */ = {isa = PBXBuildFile; fileRef = 38009E772A8FD0DF0048F5B5 /* Preview Assets.xcassets */; };
		38A07BEB2A90041E003C6B68 /* Launch Screen.storyboard in Resources */ = {isa = PBXBuildFile; fileRef = 38A07BEA2A90041E003C6B68 /* Launch Screen.storyboard */; };
		38A68A482A90A0C900C2320D /* Localizable.strings in Resources */ = {isa = PBXBuildFile; fileRef = 38A68A4A2A90A0C900C2320D /* Localizable.strings */; };
		38A68A4E2A90AE7800C2320D /* OptionListView.swift in Sources */ = {isa = PBXBuildFile; fileRef = 38A68A4D2A90AE7800C2320D /* OptionListView.swift */; };
		38A68A512A90AF4000C2320D /* FavouriteView.swift in Sources */ = {isa = PBXBuildFile; fileRef = 38A68A502A90AF4000C2320D /* FavouriteView.swift */; };
		38A68A542A90B5E500C2320D /* SettingsView.swift in Sources */ = {isa = PBXBuildFile; fileRef = 38A68A532A90B5E500C2320D /* SettingsView.swift */; };
/* End PBXBuildFile section */

/* Begin PBXFileReference section */
		38009E6D2A8FD0DC0048F5B5 /* QuickConvert.app */ = {isa = PBXFileReference; explicitFileType = wrapper.application; includeInIndex = 0; path = QuickConvert.app; sourceTree = BUILT_PRODUCTS_DIR; };
		38009E702A8FD0DC0048F5B5 /* QuickConvertApp.swift */ = {isa = PBXFileReference; lastKnownFileType = sourcecode.swift; path = QuickConvertApp.swift; sourceTree = "<group>"; };
		38009E722A8FD0DC0048F5B5 /* ContentView.swift */ = {isa = PBXFileReference; lastKnownFileType = sourcecode.swift; path = ContentView.swift; sourceTree = "<group>"; };
		38009E742A8FD0DF0048F5B5 /* Assets.xcassets */ = {isa = PBXFileReference; lastKnownFileType = folder.assetcatalog; path = Assets.xcassets; sourceTree = "<group>"; };
		38009E772A8FD0DF0048F5B5 /* Preview Assets.xcassets */ = {isa = PBXFileReference; lastKnownFileType = folder.assetcatalog; path = "Preview Assets.xcassets"; sourceTree = "<group>"; };
		38A07BEA2A90041E003C6B68 /* Launch Screen.storyboard */ = {isa = PBXFileReference; lastKnownFileType = file.storyboard; path = "Launch Screen.storyboard"; sourceTree = "<group>"; };
		38A68A492A90A0C900C2320D /* en */ = {isa = PBXFileReference; lastKnownFileType = text.plist.strings; name = en; path = en.lproj/Localizable.strings; sourceTree = "<group>"; };
		38A68A4B2A90A0CF00C2320D /* de */ = {isa = PBXFileReference; lastKnownFileType = text.plist.strings; name = de; path = de.lproj/Localizable.strings; sourceTree = "<group>"; };
		38A68A4D2A90AE7800C2320D /* OptionListView.swift */ = {isa = PBXFileReference; lastKnownFileType = sourcecode.swift; path = OptionListView.swift; sourceTree = "<group>"; };
		38A68A502A90AF4000C2320D /* FavouriteView.swift */ = {isa = PBXFileReference; lastKnownFileType = sourcecode.swift; path = FavouriteView.swift; sourceTree = "<group>"; };
		38A68A532A90B5E500C2320D /* SettingsView.swift */ = {isa = PBXFileReference; lastKnownFileType = sourcecode.swift; path = SettingsView.swift; sourceTree = "<group>"; };
/* End PBXFileReference section */

/* Begin PBXFrameworksBuildPhase section */
		38009E6A2A8FD0DC0048F5B5 /* Frameworks */ = {
			isa = PBXFrameworksBuildPhase;
			buildActionMask = 2147483647;
			files = (
			);
			runOnlyForDeploymentPostprocessing = 0;
		};
/* End PBXFrameworksBuildPhase section */

/* Begin PBXGroup section */
		38009E642A8FD0DC0048F5B5 = {
			isa = PBXGroup;
			children = (
				38009E6F2A8FD0DC0048F5B5 /* QuickConvert */,
				38009E6E2A8FD0DC0048F5B5 /* Products */,
			);
			sourceTree = "<group>";
		};
		38009E6E2A8FD0DC0048F5B5 /* Products */ = {
			isa = PBXGroup;
			children = (
				38009E6D2A8FD0DC0048F5B5 /* QuickConvert.app */,
			);
			name = Products;
			sourceTree = "<group>";
		};
		38009E6F2A8FD0DC0048F5B5 /* QuickConvert */ = {
			isa = PBXGroup;
			children = (
				38A07BE62A900354003C6B68 /* App */,
				38A07BE72A900365003C6B68 /* Core */,
				38A07BE82A90037C003C6B68 /* Resources */,
				38009E762A8FD0DF0048F5B5 /* Preview Content */,
			);
			path = QuickConvert;
			sourceTree = "<group>";
		};
		38009E762A8FD0DF0048F5B5 /* Preview Content */ = {
			isa = PBXGroup;
			children = (
				38009E772A8FD0DF0048F5B5 /* Preview Assets.xcassets */,
			);
			path = "Preview Content";
			sourceTree = "<group>";
		};
		38A07BE62A900354003C6B68 /* App */ = {
			isa = PBXGroup;
			children = (
				38009E702A8FD0DC0048F5B5 /* QuickConvertApp.swift */,
				38A07BEA2A90041E003C6B68 /* Launch Screen.storyboard */,
			);
			path = App;
			sourceTree = "<group>";
		};
		38A07BE72A900365003C6B68 /* Core */ = {
			isa = PBXGroup;
			children = (
				38A68A522A90B5D600C2320D /* Settings */,
				38A68A4C2A90AE5700C2320D /* ListConv */,
				38A07BF52A900C97003C6B68 /* Favourite */,
				38A07BE92A9003B0003C6B68 /* Root */,
			);
			path = Core;
			sourceTree = "<group>";
		};
		38A07BE82A90037C003C6B68 /* Resources */ = {
			isa = PBXGroup;
			children = (
				38009E742A8FD0DF0048F5B5 /* Assets.xcassets */,
				38A68A4A2A90A0C900C2320D /* Localizable.strings */,
			);
			path = Resources;
			sourceTree = "<group>";
		};
		38A07BE92A9003B0003C6B68 /* Root */ = {
			isa = PBXGroup;
			children = (
				38009E722A8FD0DC0048F5B5 /* ContentView.swift */,
			);
			path = Root;
			sourceTree = "<group>";
		};
		38A07BF52A900C97003C6B68 /* Favourite */ = {
			isa = PBXGroup;
			children = (
				38A68A502A90AF4000C2320D /* FavouriteView.swift */,
			);
			path = Favourite;
			sourceTree = "<group>";
		};
		38A68A4C2A90AE5700C2320D /* ListConv */ = {
			isa = PBXGroup;
			children = (
				38A68A4D2A90AE7800C2320D /* OptionListView.swift */,
			);
			path = ListConv;
			sourceTree = "<group>";
		};
		38A68A522A90B5D600C2320D /* Settings */ = {
			isa = PBXGroup;
			children = (
				38A68A532A90B5E500C2320D /* SettingsView.swift */,
			);
			path = Settings;
			sourceTree = "<group>";
		};
/* End PBXGroup section */

/* Begin PBXNativeTarget section */
		38009E6C2A8FD0DC0048F5B5 /* QuickConvert */ = {
			isa = PBXNativeTarget;
			buildConfigurationList = 38009E7B2A8FD0DF0048F5B5 /* Build configuration list for PBXNativeTarget "QuickConvert" */;
			buildPhases = (
				38009E692A8FD0DC0048F5B5 /* Sources */,
				38009E6A2A8FD0DC0048F5B5 /* Frameworks */,
				38009E6B2A8FD0DC0048F5B5 /* Resources */,
			);
			buildRules = (
			);
			dependencies = (
			);
			name = QuickConvert;
			productName = QuickConvert;
			productReference = 38009E6D2A8FD0DC0048F5B5 /* QuickConvert.app */;
			productType = "com.apple.product-type.application";
		};
/* End PBXNativeTarget section */

/* Begin PBXProject section */
		38009E652A8FD0DC0048F5B5 /* Project object */ = {
			isa = PBXProject;
			attributes = {
				BuildIndependentTargetsInParallel = 1;
				LastSwiftUpdateCheck = 1500;
				LastUpgradeCheck = 1500;
				TargetAttributes = {
					38009E6C2A8FD0DC0048F5B5 = {
						CreatedOnToolsVersion = 15.0;
					};
				};
			};
			buildConfigurationList = 38009E682A8FD0DC0048F5B5 /* Build configuration list for PBXProject "QuickConvert" */;
			compatibilityVersion = "Xcode 14.0";
			developmentRegion = en;
			hasScannedForEncodings = 0;
			knownRegions = (
				en,
				Base,
				de,
			);
			mainGroup = 38009E642A8FD0DC0048F5B5;
			productRefGroup = 38009E6E2A8FD0DC0048F5B5 /* Products */;
			projectDirPath = "";
			projectRoot = "";
			targets = (
				38009E6C2A8FD0DC0048F5B5 /* QuickConvert */,
			);
		};
/* End PBXProject section */

/* Begin PBXResourcesBuildPhase section */
		38009E6B2A8FD0DC0048F5B5 /* Resources */ = {
			isa = PBXResourcesBuildPhase;
			buildActionMask = 2147483647;
			files = (
				38A07BEB2A90041E003C6B68 /* Launch Screen.storyboard in Resources */,
				38A68A482A90A0C900C2320D /* Localizable.strings in Resources */,
				38009E782A8FD0DF0048F5B5 /* Preview Assets.xcassets in Resources */,
				38009E752A8FD0DF0048F5B5 /* Assets.xcassets in Resources */,
			);
			runOnlyForDeploymentPostprocessing = 0;
		};
/* End PBXResourcesBuildPhase section */

/* Begin PBXSourcesBuildPhase section */
		38009E692A8FD0DC0048F5B5 /* Sources */ = {
			isa = PBXSourcesBuildPhase;
			buildActionMask = 2147483647;
			files = (
				38A68A542A90B5E500C2320D /* SettingsView.swift in Sources */,
				38009E732A8FD0DC0048F5B5 /* ContentView.swift in Sources */,
				38009E712A8FD0DC0048F5B5 /* QuickConvertApp.swift in Sources */,
				38A68A512A90AF4000C2320D /* FavouriteView.swift in Sources */,
				38A68A4E2A90AE7800C2320D /* OptionListView.swift in Sources */,
			);
			runOnlyForDeploymentPostprocessing = 0;
		};
/* End PBXSourcesBuildPhase section */

/* Begin PBXVariantGroup section */
		38A68A4A2A90A0C900C2320D /* Localizable.strings */ = {
			isa = PBXVariantGroup;
			children = (
				38A68A492A90A0C900C2320D /* en */,
				38A68A4B2A90A0CF00C2320D /* de */,
			);
			name = Localizable.strings;
			sourceTree = "<group>";
		};
/* End PBXVariantGroup section */

/* Begin XCBuildConfiguration section */
		38009E792A8FD0DF0048F5B5 /* Debug */ = {
			isa = XCBuildConfiguration;
			buildSettings = {
				ALWAYS_SEARCH_USER_PATHS = NO;
				ASSETCATALOG_COMPILER_GENERATE_SWIFT_ASSET_SYMBOL_EXTENSIONS = YES;
				CLANG_ANALYZER_NONNULL = YES;
				CLANG_ANALYZER_NUMBER_OBJECT_CONVERSION = YES_AGGRESSIVE;
				CLANG_CXX_LANGUAGE_STANDARD = "gnu++20";
				CLANG_ENABLE_MODULES = YES;
				CLANG_ENABLE_OBJC_ARC = YES;
				CLANG_ENABLE_OBJC_WEAK = YES;
				CLANG_WARN_BLOCK_CAPTURE_AUTORELEASING = YES;
				CLANG_WARN_BOOL_CONVERSION = YES;
				CLANG_WARN_COMMA = YES;
				CLANG_WARN_CONSTANT_CONVERSION = YES;
				CLANG_WARN_DEPRECATED_OBJC_IMPLEMENTATIONS = YES;
				CLANG_WARN_DIRECT_OBJC_ISA_USAGE = YES_ERROR;
				CLANG_WARN_DOCUMENTATION_COMMENTS = YES;
				CLANG_WARN_EMPTY_BODY = YES;
				CLANG_WARN_ENUM_CONVERSION = YES;
				CLANG_WARN_INFINITE_RECURSION = YES;
				CLANG_WARN_INT_CONVERSION = YES;
				CLANG_WARN_NON_LITERAL_NULL_CONVERSION = YES;
				CLANG_WARN_OBJC_IMPLICIT_RETAIN_SELF = YES;
				CLANG_WARN_OBJC_LITERAL_CONVERSION = YES;
				CLANG_WARN_OBJC_ROOT_CLASS = YES_ERROR;
				CLANG_WARN_QUOTED_INCLUDE_IN_FRAMEWORK_HEADER = YES;
				CLANG_WARN_RANGE_LOOP_ANALYSIS = YES;
				CLANG_WARN_STRICT_PROTOTYPES = YES;
				CLANG_WARN_SUSPICIOUS_MOVE = YES;
				CLANG_WARN_UNGUARDED_AVAILABILITY = YES_AGGRESSIVE;
				CLANG_WARN_UNREACHABLE_CODE = YES;
				CLANG_WARN__DUPLICATE_METHOD_MATCH = YES;
				COPY_PHASE_STRIP = NO;
				DEBUG_INFORMATION_FORMAT = dwarf;
				ENABLE_STRICT_OBJC_MSGSEND = YES;
				ENABLE_TESTABILITY = YES;
				ENABLE_USER_SCRIPT_SANDBOXING = YES;
				GCC_C_LANGUAGE_STANDARD = gnu17;
				GCC_DYNAMIC_NO_PIC = NO;
				GCC_NO_COMMON_BLOCKS = YES;
				GCC_OPTIMIZATION_LEVEL = 0;
				GCC_PREPROCESSOR_DEFINITIONS = (
					"DEBUG=1",
					"$(inherited)",
				);
				GCC_WARN_64_TO_32_BIT_CONVERSION = YES;
				GCC_WARN_ABOUT_RETURN_TYPE = YES_ERROR;
				GCC_WARN_UNDECLARED_SELECTOR = YES;
				GCC_WARN_UNINITIALIZED_AUTOS = YES_AGGRESSIVE;
				GCC_WARN_UNUSED_FUNCTION = YES;
				GCC_WARN_UNUSED_VARIABLE = YES;
				IPHONEOS_DEPLOYMENT_TARGET = 17.0;
				LOCALIZATION_PREFERS_STRING_CATALOGS = YES;
				MTL_ENABLE_DEBUG_INFO = INCLUDE_SOURCE;
				MTL_FAST_MATH = YES;
				ONLY_ACTIVE_ARCH = YES;
				SDKROOT = iphoneos;
				SWIFT_ACTIVE_COMPILATION_CONDITIONS = "DEBUG $(inherited)";
				SWIFT_OPTIMIZATION_LEVEL = "-Onone";
			};
			name = Debug;
		};
		38009E7A2A8FD0DF0048F5B5 /* Release */ = {
			isa = XCBuildConfiguration;
			buildSettings = {
				ALWAYS_SEARCH_USER_PATHS = NO;
				ASSETCATALOG_COMPILER_GENERATE_SWIFT_ASSET_SYMBOL_EXTENSIONS = YES;
				CLANG_ANALYZER_NONNULL = YES;
				CLANG_ANALYZER_NUMBER_OBJECT_CONVERSION = YES_AGGRESSIVE;
				CLANG_CXX_LANGUAGE_STANDARD = "gnu++20";
				CLANG_ENABLE_MODULES = YES;
				CLANG_ENABLE_OBJC_ARC = YES;
				CLANG_ENABLE_OBJC_WEAK = YES;
				CLANG_WARN_BLOCK_CAPTURE_AUTORELEASING = YES;
				CLANG_WARN_BOOL_CONVERSION = YES;
				CLANG_WARN_COMMA = YES;
				CLANG_WARN_CONSTANT_CONVERSION = YES;
				CLANG_WARN_DEPRECATED_OBJC_IMPLEMENTATIONS = YES;
				CLANG_WARN_DIRECT_OBJC_ISA_USAGE = YES_ERROR;
				CLANG_WARN_DOCUMENTATION_COMMENTS = YES;
				CLANG_WARN_EMPTY_BODY = YES;
				CLANG_WARN_ENUM_CONVERSION = YES;
				CLANG_WARN_INFINITE_RECURSION = YES;
				CLANG_WARN_INT_CONVERSION = YES;
				CLANG_WARN_NON_LITERAL_NULL_CONVERSION = YES;
				CLANG_WARN_OBJC_IMPLICIT_RETAIN_SELF = YES;
				CLANG_WARN_OBJC_LITERAL_CONVERSION = YES;
				CLANG_WARN_OBJC_ROOT_CLASS = YES_ERROR;
				CLANG_WARN_QUOTED_INCLUDE_IN_FRAMEWORK_HEADER = YES;
				CLANG_WARN_RANGE_LOOP_ANALYSIS = YES;
				CLANG_WARN_STRICT_PROTOTYPES = YES;
				CLANG_WARN_SUSPICIOUS_MOVE = YES;
				CLANG_WARN_UNGUARDED_AVAILABILITY = YES_AGGRESSIVE;
				CLANG_WARN_UNREACHABLE_CODE = YES;
				CLANG_WARN__DUPLICATE_METHOD_MATCH = YES;
				COPY_PHASE_STRIP = NO;
				DEBUG_INFORMATION_FORMAT = "dwarf-with-dsym";
				ENABLE_NS_ASSERTIONS = NO;
				ENABLE_STRICT_OBJC_MSGSEND = YES;
				ENABLE_USER_SCRIPT_SANDBOXING = YES;
				GCC_C_LANGUAGE_STANDARD = gnu17;
				GCC_NO_COMMON_BLOCKS = YES;
				GCC_WARN_64_TO_32_BIT_CONVERSION = YES;
				GCC_WARN_ABOUT_RETURN_TYPE = YES_ERROR;
				GCC_WARN_UNDECLARED_SELECTOR = YES;
				GCC_WARN_UNINITIALIZED_AUTOS = YES_AGGRESSIVE;
				GCC_WARN_UNUSED_FUNCTION = YES;
				GCC_WARN_UNUSED_VARIABLE = YES;
				IPHONEOS_DEPLOYMENT_TARGET = 17.0;
				LOCALIZATION_PREFERS_STRING_CATALOGS = YES;
				MTL_ENABLE_DEBUG_INFO = NO;
				MTL_FAST_MATH = YES;
				SDKROOT = iphoneos;
				SWIFT_COMPILATION_MODE = wholemodule;
				VALIDATE_PRODUCT = YES;
			};
			name = Release;
		};
		38009E7C2A8FD0DF0048F5B5 /* Debug */ = {
			isa = XCBuildConfiguration;
			buildSettings = {
				ASSETCATALOG_COMPILER_APPICON_NAME = AppIcon;
				ASSETCATALOG_COMPILER_GLOBAL_ACCENT_COLOR_NAME = AccentColor;
				CODE_SIGN_STYLE = Automatic;
				CURRENT_PROJECT_VERSION = 1;
				DEVELOPMENT_ASSET_PATHS = "\"QuickConvert/Preview Content\"";
				DEVELOPMENT_TEAM = W93RMB5CDG;
				ENABLE_PREVIEWS = YES;
				GENERATE_INFOPLIST_FILE = YES;
				INFOPLIST_KEY_UIApplicationSceneManifest_Generation = YES;
				INFOPLIST_KEY_UIApplicationSupportsIndirectInputEvents = YES;
				INFOPLIST_KEY_UILaunchScreen_Generation = YES;
				INFOPLIST_KEY_UILaunchStoryboardName = "Launch Screen.storyboard";
				INFOPLIST_KEY_UISupportedInterfaceOrientations_iPad = "UIInterfaceOrientationPortrait UIInterfaceOrientationPortraitUpsideDown UIInterfaceOrientationLandscapeLeft UIInterfaceOrientationLandscapeRight";
				INFOPLIST_KEY_UISupportedInterfaceOrientations_iPhone = "UIInterfaceOrientationPortrait UIInterfaceOrientationLandscapeLeft UIInterfaceOrientationLandscapeRight";
				LD_RUNPATH_SEARCH_PATHS = (
					"$(inherited)",
					"@executable_path/Frameworks",
				);
				MARKETING_VERSION = 1.0;
				PRODUCT_BUNDLE_IDENTIFIER = com.nhstudio.QuickConvert;
				PRODUCT_NAME = "$(TARGET_NAME)";
				SWIFT_EMIT_LOC_STRINGS = YES;
				SWIFT_VERSION = 5.0;
				TARGETED_DEVICE_FAMILY = "1,2";
			};
			name = Debug;
		};
		38009E7D2A8FD0DF0048F5B5 /* Release */ = {
			isa = XCBuildConfiguration;
			buildSettings = {
				ASSETCATALOG_COMPILER_APPICON_NAME = AppIcon;
				ASSETCATALOG_COMPILER_GLOBAL_ACCENT_COLOR_NAME = AccentColor;
				CODE_SIGN_STYLE = Automatic;
				CURRENT_PROJECT_VERSION = 1;
				DEVELOPMENT_ASSET_PATHS = "\"QuickConvert/Preview Content\"";
				DEVELOPMENT_TEAM = W93RMB5CDG;
				ENABLE_PREVIEWS = YES;
				GENERATE_INFOPLIST_FILE = YES;
				INFOPLIST_KEY_UIApplicationSceneManifest_Generation = YES;
				INFOPLIST_KEY_UIApplicationSupportsIndirectInputEvents = YES;
				INFOPLIST_KEY_UILaunchScreen_Generation = YES;
				INFOPLIST_KEY_UILaunchStoryboardName = "Launch Screen.storyboard";
				INFOPLIST_KEY_UISupportedInterfaceOrientations_iPad = "UIInterfaceOrientationPortrait UIInterfaceOrientationPortraitUpsideDown UIInterfaceOrientationLandscapeLeft UIInterfaceOrientationLandscapeRight";
				INFOPLIST_KEY_UISupportedInterfaceOrientations_iPhone = "UIInterfaceOrientationPortrait UIInterfaceOrientationLandscapeLeft UIInterfaceOrientationLandscapeRight";
				LD_RUNPATH_SEARCH_PATHS = (
					"$(inherited)",
					"@executable_path/Frameworks",
				);
				MARKETING_VERSION = 1.0;
				PRODUCT_BUNDLE_IDENTIFIER = com.nhstudio.QuickConvert;
				PRODUCT_NAME = "$(TARGET_NAME)";
				SWIFT_EMIT_LOC_STRINGS = YES;
				SWIFT_VERSION = 5.0;
				TARGETED_DEVICE_FAMILY = "1,2";
			};
			name = Release;
		};
/* End XCBuildConfiguration section */

/* Begin XCConfigurationList section */
		38009E682A8FD0DC0048F5B5 /* Build configuration list for PBXProject "QuickConvert" */ = {
			isa = XCConfigurationList;
			buildConfigurations = (
				38009E792A8FD0DF0048F5B5 /* Debug */,
				38009E7A2A8FD0DF0048F5B5 /* Release */,
			);
			defaultConfigurationIsVisible = 0;
			defaultConfigurationName = Release;
		};
		38009E7B2A8FD0DF0048F5B5 /* Build configuration list for PBXNativeTarget "QuickConvert" */ = {
			isa = XCConfigurationList;
			buildConfigurations = (
				38009E7C2A8FD0DF0048F5B5 /* Debug */,
				38009E7D2A8FD0DF0048F5B5 /* Release */,
			);
			defaultConfigurationIsVisible = 0;
			defaultConfigurationName = Release;
		};
/* End XCConfigurationList section */
	};
	rootObject = 38009E652A8FD0DC0048F5B5 /* Project object */;
}
